<?xml version="1.0" encoding="utf-8"?>
<Project ToolsVersion="4.0" xmlns="http://schemas.microsoft.com/developer/msbuild/2003">
  <ItemGroup>
    <Filter Include="资源文件">
      <UniqueIdentifier>{67DA6AB6-F800-4c08-8B7A-83BB121AAD01}</UniqueIdentifier>
      <Extensions>rc;ico;cur;bmp;dlg;rc2;rct;bin;rgs;gif;jpg;jpeg;jpe;resx;tiff;tif;png;wav;mfcribbon-ms</Extensions>
    </Filter>
    <Filter Include="Header Files">
      <UniqueIdentifier>{93995380-89BD-4b04-88EB-625FBE52EBFB}</UniqueIdentifier>
      <Extensions>h;hh;hpp;hxx;h++;hm;inl;inc;ipp;xsd</Extensions>
    </Filter>
    <Filter Include="Header Files\pluginsdk">
      <UniqueIdentifier>{68397ff3-3221-4eb7-816e-025016c22c77}</UniqueIdentifier>
    </Filter>
    <Filter Include="Header Files\pluginsdk\dbghelp">
      <UniqueIdentifier>{3ea3d8f9-3e5a-4146-9685-045eae8058e7}</UniqueIdentifier>
    </Filter>
    <Filter Include="Header Files\pluginsdk\DeviceNameResolver">
      <UniqueIdentifier>{c088ed8f-4933-4c5a-88a6-09a8f721a07e}</UniqueIdentifier>
    </Filter>
    <Filter Include="Header Files\pluginsdk\jansson">
      <UniqueIdentifier>{839d6958-a32e-4bdc-a6d8-816876ea99cf}</UniqueIdentifier>
    </Filter>
    <Filter Include="Header Files\pluginsdk\lz4">
      <UniqueIdentifier>{bf6ad558-ceb3-4993-b89a-ccfb663e1e61}</UniqueIdentifier>
    </Filter>
    <Filter Include="Header Files\pluginsdk\TitanEngine">
      <UniqueIdentifier>{60dc5457-4f7e-4fec-b3d9-3873e2c751c5}</UniqueIdentifier>
    </Filter>
    <Filter Include="Header Files\pluginsdk\XEDParse">
      <UniqueIdentifier>{bbd62e88-5bc3-48ad-a67a-b983b07e84b1}</UniqueIdentifier>
    </Filter>
    <Filter Include="Source Files">
      <UniqueIdentifier>{4FC737F1-C7A5-4376-A066-2A32D752A2FF}</UniqueIdentifier>
      <Extensions>cpp;c;cc;cxx;c++;cppm;ixx;def;odl;idl;hpj;bat;asm;asmx</Extensions>
    </Filter>
    <Filter Include="Library Files">
      <UniqueIdentifier>{b478f9b1-e1f6-4ea5-9ec7-576bf5be8857}</UniqueIdentifier>
    </Filter>
  </ItemGroup>
  <ItemGroup>
    <ClInclude Include="pluginsdk\dbghelp\dbghelp.h">
      <Filter>Header Files\pluginsdk\dbghelp</Filter>
    </ClInclude>
    <ClInclude Include="pluginsdk\DeviceNameResolver\DeviceNameResolver.h">
      <Filter>Header Files\pluginsdk\DeviceNameResolver</Filter>
    </ClInclude>
    <ClInclude Include="pluginsdk\jansson\jansson_config.h">
      <Filter>Header Files\pluginsdk\jansson</Filter>
    </ClInclude>
    <ClInclude Include="pluginsdk\jansson\jansson_x64dbg.h">
      <Filter>Header Files\pluginsdk\jansson</Filter>
    </ClInclude>
    <ClInclude Include="pluginsdk\jansson\jansson.h">
      <Filter>Header Files\pluginsdk\jansson</Filter>
    </ClInclude>
    <ClInclude Include="pluginsdk\lz4\lz4.h">
      <Filter>Header Files\pluginsdk\lz4</Filter>
    </ClInclude>
    <ClInclude Include="pluginsdk\lz4\lz4file.h">
      <Filter>Header Files\pluginsdk\lz4</Filter>
    </ClInclude>
    <ClInclude Include="pluginsdk\lz4\lz4hc.h">
      <Filter>Header Files\pluginsdk\lz4</Filter>
    </ClInclude>
    <ClInclude Include="pluginsdk\TitanEngine\TitanEngine.h">
      <Filter>Header Files\pluginsdk\TitanEngine</Filter>
    </ClInclude>
    <ClInclude Include="pluginsdk\XEDParse\XEDParse.h">
      <Filter>Header Files\pluginsdk\XEDParse</Filter>
    </ClInclude>
    <ClInclude Include="pluginsdk\bridgegraph.h">
      <Filter>Header Files\pluginsdk</Filter>
    </ClInclude>
    <ClInclude Include="pluginsdk\bridgelist.h">
      <Filter>Header Files\pluginsdk</Filter>
    </ClInclude>
    <ClInclude Include="pluginsdk\bridgemain.h">
      <Filter>Header Files\pluginsdk</Filter>
    </ClInclude>
    <ClInclude Include="pluginsdk\_dbgfunctions.h">
      <Filter>Header Files\pluginsdk</Filter>
    </ClInclude>
    <ClInclude Include="pluginsdk\_plugin_types.h">
      <Filter>Header Files\pluginsdk</Filter>
    </ClInclude>
    <ClInclude Include="pluginsdk\_plugins.h">
      <Filter>Header Files\pluginsdk</Filter>
    </ClInclude>
    <ClInclude Include="pluginsdk\_scriptapi.h">
      <Filter>Header Files\pluginsdk</Filter>
    </ClInclude>
    <ClInclude Include="pluginsdk\_scriptapi_argument.h">
      <Filter>Header Files\pluginsdk</Filter>
    </ClInclude>
    <ClInclude Include="pluginsdk\_scriptapi_assembler.h">
      <Filter>Header Files\pluginsdk</Filter>
    </ClInclude>
    <ClInclude Include="pluginsdk\_scriptapi_bookmark.h">
      <Filter>Header Files\pluginsdk</Filter>
    </ClInclude>
    <ClInclude Include="pluginsdk\_scriptapi_comment.h">
      <Filter>Header Files\pluginsdk</Filter>
    </ClInclude>
    <ClInclude Include="pluginsdk\_scriptapi_debug.h">
      <Filter>Header Files\pluginsdk</Filter>
    </ClInclude>
    <ClInclude Include="pluginsdk\_scriptapi_flag.h">
      <Filter>Header Files\pluginsdk</Filter>
    </ClInclude>
    <ClInclude Include="pluginsdk\_scriptapi_function.h">
      <Filter>Header Files\pluginsdk</Filter>
    </ClInclude>
    <ClInclude Include="pluginsdk\_scriptapi_gui.h">
      <Filter>Header Files\pluginsdk</Filter>
    </ClInclude>
    <ClInclude Include="pluginsdk\_scriptapi_label.h">
      <Filter>Header Files\pluginsdk</Filter>
    </ClInclude>
    <ClInclude Include="pluginsdk\_scriptapi_memory.h">
      <Filter>Header Files\pluginsdk</Filter>
    </ClInclude>
    <ClInclude Include="pluginsdk\_scriptapi_misc.h">
      <Filter>Header Files\pluginsdk</Filter>
    </ClInclude>
    <ClInclude Include="pluginsdk\_scriptapi_module.h">
      <Filter>Header Files\pluginsdk</Filter>
    </ClInclude>
    <ClInclude Include="pluginsdk\_scriptapi_pattern.h">
      <Filter>Header Files\pluginsdk</Filter>
    </ClInclude>
    <ClInclude Include="pluginsdk\_scriptapi_register.h">
      <Filter>Header Files\pluginsdk</Filter>
    </ClInclude>
    <ClInclude Include="pluginsdk\_scriptapi_stack.h">
      <Filter>Header Files\pluginsdk</Filter>
    </ClInclude>
    <ClInclude Include="pluginsdk\_scriptapi_symbol.h">
      <Filter>Header Files\pluginsdk</Filter>
    </ClInclude>
    <ClInclude Include="pluginmain.h">
      <Filter>Header Files</Filter>
    </ClInclude>
    <ClInclude Include="plugin.h">
      <Filter>Header Files</Filter>
    </ClInclude>
  </ItemGroup>
  <ItemGroup>
    <Library Include="pluginsdk\dbghelp\dbghelp_x64.lib">
      <Filter>Library Files</Filter>
    </Library>
    <Library Include="pluginsdk\dbghelp\dbghelp_x86.lib">
      <Filter>Library Files</Filter>
    </Library>
    <Library Include="pluginsdk\DeviceNameResolver\DeviceNameResolver_x64.lib">
      <Filter>Library Files</Filter>
    </Library>
    <Library Include="pluginsdk\DeviceNameResolver\DeviceNameResolver_x86.lib">
      <Filter>Library Files</Filter>
    </Library>
    <Library Include="pluginsdk\jansson\jansson_x64.lib">
      <Filter>Library Files</Filter>
    </Library>
    <Library Include="pluginsdk\jansson\jansson_x86.lib">
      <Filter>Library Files</Filter>
    </Library>
    <Library Include="pluginsdk\lz4\lz4_x64.lib">
      <Filter>Library Files</Filter>
    </Library>
    <Library Include="pluginsdk\lz4\lz4_x86.lib">
      <Filter>Library Files</Filter>
    </Library>
    <Library Include="pluginsdk\XEDParse\XEDParse_x64.lib">
      <Filter>Library Files</Filter>
    </Library>
    <Library Include="pluginsdk\XEDParse\XEDParse_x86.lib">
      <Filter>Library Files</Filter>
    </Library>
    <Library Include="pluginsdk\TitanEngine\TitanEngine_x64.lib">
      <Filter>Library Files</Filter>
    </Library>
    <Library Include="pluginsdk\TitanEngine\TitanEngine_x86.lib">
      <Filter>Library Files</Filter>
    </Library>
    <Library Include="pluginsdk\x32bridge.lib">
      <Filter>Library Files</Filter>
    </Library>
    <Library Include="pluginsdk\x32dbg.lib">
      <Filter>Library Files</Filter>
    </Library>
    <Library Include="pluginsdk\x64bridge.lib">
      <Filter>Library Files</Filter>
    </Library>
    <Library Include="pluginsdk\x64dbg.lib">
      <Filter>Library Files</Filter>
    </Library>
    <Library Include="pluginsdk\godzilla\Godzilla_x64.lib">
      <Filter>Library Files</Filter>
    </Library>
    <Library Include="pluginsdk\godzilla\Godzilla_x86.lib">
      <Filter>Library Files</Filter>
    </Library>
  </ItemGroup>
  <ItemGroup>
    <ClCompile Include="pluginmain.cpp">
      <Filter>Source Files</Filter>
    </ClCompile>
    <ClCompile Include="plugin.cpp">
      <Filter>Source Files</Filter>
    </ClCompile>
  </ItemGroup>
</Project>