<?xml version="1.0" encoding="utf-8"?>
<Project ToolsVersion="4.0" xmlns="http://schemas.microsoft.com/developer/msbuild/2003">
  <ItemGroup>
    <Filter Include="Source File">
      <UniqueIdentifier>{4FC737F1-C7A5-4376-A066-2A32D752A2FF}</UniqueIdentifier>
      <Extensions>cpp;c;cc;cxx;c++;cppm;ixx;def;odl;idl;hpj;bat;asm;asmx</Extensions>
    </Filter>
    <Filter Include="Header File">
      <UniqueIdentifier>{93995380-89BD-4b04-88EB-625FBE52EBFB}</UniqueIdentifier>
      <Extensions>h;hh;hpp;hxx;h++;hm;inl;inc;ipp;xsd</Extensions>
    </Filter>
    <Filter Include="Header File\pluginsdk">
      <UniqueIdentifier>{2684c643-3b0a-411b-aa5a-879f7f585cc0}</UniqueIdentifier>
    </Filter>
    <Filter Include="Header File\pluginsdk\capstone">
      <UniqueIdentifier>{9cf2f927-139b-4eb9-9151-0d1f09e15d44}</UniqueIdentifier>
    </Filter>
    <Filter Include="Header File\pluginsdk\dbghelp">
      <UniqueIdentifier>{245128c4-d0d4-4b1d-a1b2-e8344042c44f}</UniqueIdentifier>
    </Filter>
    <Filter Include="Header File\pluginsdk\DeviceNameResolver">
      <UniqueIdentifier>{140e650a-666e-41b0-98ab-3adb6ad2797d}</UniqueIdentifier>
    </Filter>
    <Filter Include="Header File\pluginsdk\TitanEngine">
      <UniqueIdentifier>{877824ed-66e6-4dab-9eeb-13e69cf29102}</UniqueIdentifier>
    </Filter>
    <Filter Include="Header File\pluginsdk\lz4">
      <UniqueIdentifier>{00c153d3-273f-4bb7-88b4-53e13ae71451}</UniqueIdentifier>
    </Filter>
    <Filter Include="Header File\pluginsdk\XEDParse">
      <UniqueIdentifier>{29d62077-749a-4f22-922e-660c98e4bf12}</UniqueIdentifier>
    </Filter>
    <Filter Include="Header File\pluginsdk\yara">
      <UniqueIdentifier>{e04da8a0-fcd7-4def-93d8-aa05f1a67d9e}</UniqueIdentifier>
    </Filter>
    <Filter Include="Header File\pluginsdk\yara\yara">
      <UniqueIdentifier>{acaa0124-0b33-433d-803f-9ac73186f481}</UniqueIdentifier>
    </Filter>
    <Filter Include="Header File\pluginsdk\jansson">
      <UniqueIdentifier>{7f448a4a-5eb5-4667-b0ab-cf7063bc0b00}</UniqueIdentifier>
    </Filter>
    <Filter Include="Library FIle">
      <UniqueIdentifier>{5ab4db3c-4d62-4322-9a38-dcb4000cba6a}</UniqueIdentifier>
      <Extensions>.lib</Extensions>
    </Filter>
    <Filter Include="Source File\SRE">
      <UniqueIdentifier>{e07ee764-50b9-45fc-9c48-d591e6479e00}</UniqueIdentifier>
    </Filter>
  </ItemGroup>
  <ItemGroup>
    <ClInclude Include="framework.h">
      <Filter>Header File</Filter>
    </ClInclude>
    <ClInclude Include="pch.h">
      <Filter>Header File</Filter>
    </ClInclude>
    <ClInclude Include="pluginmain.h">
      <Filter>Header File</Filter>
    </ClInclude>
    <ClInclude Include="plugin.h">
      <Filter>Header File</Filter>
    </ClInclude>
    <ClInclude Include="pluginsdk\capstone\arm.h">
      <Filter>Header File\pluginsdk\capstone</Filter>
    </ClInclude>
    <ClInclude Include="pluginsdk\capstone\arm64.h">
      <Filter>Header File\pluginsdk\capstone</Filter>
    </ClInclude>
    <ClInclude Include="pluginsdk\capstone\capstone.h">
      <Filter>Header File\pluginsdk\capstone</Filter>
    </ClInclude>
    <ClInclude Include="pluginsdk\capstone\m68k.h">
      <Filter>Header File\pluginsdk\capstone</Filter>
    </ClInclude>
    <ClInclude Include="pluginsdk\capstone\mips.h">
      <Filter>Header File\pluginsdk\capstone</Filter>
    </ClInclude>
    <ClInclude Include="pluginsdk\capstone\platform.h">
      <Filter>Header File\pluginsdk\capstone</Filter>
    </ClInclude>
    <ClInclude Include="pluginsdk\capstone\ppc.h">
      <Filter>Header File\pluginsdk\capstone</Filter>
    </ClInclude>
    <ClInclude Include="pluginsdk\capstone\sparc.h">
      <Filter>Header File\pluginsdk\capstone</Filter>
    </ClInclude>
    <ClInclude Include="pluginsdk\capstone\systemz.h">
      <Filter>Header File\pluginsdk\capstone</Filter>
    </ClInclude>
    <ClInclude Include="pluginsdk\capstone\x86.h">
      <Filter>Header File\pluginsdk\capstone</Filter>
    </ClInclude>
    <ClInclude Include="pluginsdk\capstone\xcore.h">
      <Filter>Header File\pluginsdk\capstone</Filter>
    </ClInclude>
    <ClInclude Include="pluginsdk\dbghelp\dbghelp.h">
      <Filter>Header File\pluginsdk\dbghelp</Filter>
    </ClInclude>
    <ClInclude Include="pluginsdk\DeviceNameResolver\DeviceNameResolver.h">
      <Filter>Header File\pluginsdk\DeviceNameResolver</Filter>
    </ClInclude>
    <ClInclude Include="pluginsdk\jansson\jansson_x64dbg.h">
      <Filter>Header File\pluginsdk\jansson</Filter>
    </ClInclude>
    <ClInclude Include="pluginsdk\jansson\jansson.h">
      <Filter>Header File\pluginsdk\jansson</Filter>
    </ClInclude>
    <ClInclude Include="pluginsdk\jansson\jansson_config.h">
      <Filter>Header File\pluginsdk\jansson</Filter>
    </ClInclude>
    <ClInclude Include="pluginsdk\lz4\lz4file.h">
      <Filter>Header File\pluginsdk\lz4</Filter>
    </ClInclude>
    <ClInclude Include="pluginsdk\lz4\lz4hc.h">
      <Filter>Header File\pluginsdk\lz4</Filter>
    </ClInclude>
    <ClInclude Include="pluginsdk\lz4\lz4.h">
      <Filter>Header File\pluginsdk\lz4</Filter>
    </ClInclude>
    <ClInclude Include="pluginsdk\TitanEngine\TitanEngine.h">
      <Filter>Header File\pluginsdk\TitanEngine</Filter>
    </ClInclude>
    <ClInclude Include="pluginsdk\XEDParse\XEDParse.h">
      <Filter>Header File\pluginsdk\XEDParse</Filter>
    </ClInclude>
    <ClInclude Include="pluginsdk\yara\yara.h">
      <Filter>Header File\pluginsdk\yara</Filter>
    </ClInclude>
    <ClInclude Include="pluginsdk\yara\yara\ahocorasick.h">
      <Filter>Header File\pluginsdk\yara\yara</Filter>
    </ClInclude>
    <ClInclude Include="pluginsdk\yara\yara\arena.h">
      <Filter>Header File\pluginsdk\yara\yara</Filter>
    </ClInclude>
    <ClInclude Include="pluginsdk\yara\yara\atoms.h">
      <Filter>Header File\pluginsdk\yara\yara</Filter>
    </ClInclude>
    <ClInclude Include="pluginsdk\yara\yara\compiler.h">
      <Filter>Header File\pluginsdk\yara\yara</Filter>
    </ClInclude>
    <ClInclude Include="pluginsdk\yara\yara\elf.h">
      <Filter>Header File\pluginsdk\yara\yara</Filter>
    </ClInclude>
    <ClInclude Include="pluginsdk\yara\yara\error.h">
      <Filter>Header File\pluginsdk\yara\yara</Filter>
    </ClInclude>
    <ClInclude Include="pluginsdk\yara\yara\exec.h">
      <Filter>Header File\pluginsdk\yara\yara</Filter>
    </ClInclude>
    <ClInclude Include="pluginsdk\yara\yara\exefiles.h">
      <Filter>Header File\pluginsdk\yara\yara</Filter>
    </ClInclude>
    <ClInclude Include="pluginsdk\yara\yara\filemap.h">
      <Filter>Header File\pluginsdk\yara\yara</Filter>
    </ClInclude>
    <ClInclude Include="pluginsdk\yara\yara\globals.h">
      <Filter>Header File\pluginsdk\yara\yara</Filter>
    </ClInclude>
    <ClInclude Include="pluginsdk\yara\yara\hash.h">
      <Filter>Header File\pluginsdk\yara\yara</Filter>
    </ClInclude>
    <ClInclude Include="pluginsdk\yara\yara\hex_lexer.h">
      <Filter>Header File\pluginsdk\yara\yara</Filter>
    </ClInclude>
    <ClInclude Include="pluginsdk\yara\yara\integers.h">
      <Filter>Header File\pluginsdk\yara\yara</Filter>
    </ClInclude>
    <ClInclude Include="pluginsdk\yara\yara\lexer.h">
      <Filter>Header File\pluginsdk\yara\yara</Filter>
    </ClInclude>
    <ClInclude Include="pluginsdk\yara\yara\libyara.h">
      <Filter>Header File\pluginsdk\yara\yara</Filter>
    </ClInclude>
    <ClInclude Include="pluginsdk\yara\yara\limits.h">
      <Filter>Header File\pluginsdk\yara\yara</Filter>
    </ClInclude>
    <ClInclude Include="pluginsdk\yara\yara\mem.h">
      <Filter>Header File\pluginsdk\yara\yara</Filter>
    </ClInclude>
    <ClInclude Include="pluginsdk\yara\yara\modules.h">
      <Filter>Header File\pluginsdk\yara\yara</Filter>
    </ClInclude>
    <ClInclude Include="pluginsdk\yara\yara\object.h">
      <Filter>Header File\pluginsdk\yara\yara</Filter>
    </ClInclude>
    <ClInclude Include="pluginsdk\yara\yara\parser.h">
      <Filter>Header File\pluginsdk\yara\yara</Filter>
    </ClInclude>
    <ClInclude Include="pluginsdk\yara\yara\pe.h">
      <Filter>Header File\pluginsdk\yara\yara</Filter>
    </ClInclude>
    <ClInclude Include="pluginsdk\yara\yara\proc.h">
      <Filter>Header File\pluginsdk\yara\yara</Filter>
    </ClInclude>
    <ClInclude Include="pluginsdk\yara\yara\re.h">
      <Filter>Header File\pluginsdk\yara\yara</Filter>
    </ClInclude>
    <ClInclude Include="pluginsdk\yara\yara\re_lexer.h">
      <Filter>Header File\pluginsdk\yara\yara</Filter>
    </ClInclude>
    <ClInclude Include="pluginsdk\yara\yara\rules.h">
      <Filter>Header File\pluginsdk\yara\yara</Filter>
    </ClInclude>
    <ClInclude Include="pluginsdk\yara\yara\scan.h">
      <Filter>Header File\pluginsdk\yara\yara</Filter>
    </ClInclude>
    <ClInclude Include="pluginsdk\yara\yara\sizedstr.h">
      <Filter>Header File\pluginsdk\yara\yara</Filter>
    </ClInclude>
    <ClInclude Include="pluginsdk\yara\yara\stream.h">
      <Filter>Header File\pluginsdk\yara\yara</Filter>
    </ClInclude>
    <ClInclude Include="pluginsdk\yara\yara\strutils.h">
      <Filter>Header File\pluginsdk\yara\yara</Filter>
    </ClInclude>
    <ClInclude Include="pluginsdk\yara\yara\threading.h">
      <Filter>Header File\pluginsdk\yara\yara</Filter>
    </ClInclude>
    <ClInclude Include="pluginsdk\yara\yara\types.h">
      <Filter>Header File\pluginsdk\yara\yara</Filter>
    </ClInclude>
    <ClInclude Include="pluginsdk\yara\yara\utils.h">
      <Filter>Header File\pluginsdk\yara\yara</Filter>
    </ClInclude>
    <ClInclude Include="pluginsdk\_dbgfunctions.h">
      <Filter>Header File\pluginsdk</Filter>
    </ClInclude>
    <ClInclude Include="pluginsdk\_plugin_types.h">
      <Filter>Header File\pluginsdk</Filter>
    </ClInclude>
    <ClInclude Include="pluginsdk\_plugins.h">
      <Filter>Header File\pluginsdk</Filter>
    </ClInclude>
    <ClInclude Include="pluginsdk\_scriptapi.h">
      <Filter>Header File\pluginsdk</Filter>
    </ClInclude>
    <ClInclude Include="pluginsdk\_scriptapi_argument.h">
      <Filter>Header File\pluginsdk</Filter>
    </ClInclude>
    <ClInclude Include="pluginsdk\_scriptapi_assembler.h">
      <Filter>Header File\pluginsdk</Filter>
    </ClInclude>
    <ClInclude Include="pluginsdk\_scriptapi_bookmark.h">
      <Filter>Header File\pluginsdk</Filter>
    </ClInclude>
    <ClInclude Include="pluginsdk\_scriptapi_comment.h">
      <Filter>Header File\pluginsdk</Filter>
    </ClInclude>
    <ClInclude Include="pluginsdk\_scriptapi_debug.h">
      <Filter>Header File\pluginsdk</Filter>
    </ClInclude>
    <ClInclude Include="pluginsdk\_scriptapi_flag.h">
      <Filter>Header File\pluginsdk</Filter>
    </ClInclude>
    <ClInclude Include="pluginsdk\_scriptapi_function.h">
      <Filter>Header File\pluginsdk</Filter>
    </ClInclude>
    <ClInclude Include="pluginsdk\_scriptapi_gui.h">
      <Filter>Header File\pluginsdk</Filter>
    </ClInclude>
    <ClInclude Include="pluginsdk\_scriptapi_label.h">
      <Filter>Header File\pluginsdk</Filter>
    </ClInclude>
    <ClInclude Include="pluginsdk\_scriptapi_memory.h">
      <Filter>Header File\pluginsdk</Filter>
    </ClInclude>
    <ClInclude Include="pluginsdk\_scriptapi_misc.h">
      <Filter>Header File\pluginsdk</Filter>
    </ClInclude>
    <ClInclude Include="pluginsdk\_scriptapi_module.h">
      <Filter>Header File\pluginsdk</Filter>
    </ClInclude>
    <ClInclude Include="pluginsdk\_scriptapi_pattern.h">
      <Filter>Header File\pluginsdk</Filter>
    </ClInclude>
    <ClInclude Include="pluginsdk\_scriptapi_register.h">
      <Filter>Header File\pluginsdk</Filter>
    </ClInclude>
    <ClInclude Include="pluginsdk\_scriptapi_stack.h">
      <Filter>Header File\pluginsdk</Filter>
    </ClInclude>
    <ClInclude Include="pluginsdk\_scriptapi_symbol.h">
      <Filter>Header File\pluginsdk</Filter>
    </ClInclude>
    <ClInclude Include="pluginsdk\bridgegraph.h">
      <Filter>Header File\pluginsdk</Filter>
    </ClInclude>
    <ClInclude Include="pluginsdk\bridgelist.h">
      <Filter>Header File\pluginsdk</Filter>
    </ClInclude>
    <ClInclude Include="pluginsdk\bridgemain.h">
      <Filter>Header File\pluginsdk</Filter>
    </ClInclude>
    <ClInclude Include="MetaData.h">
      <Filter>Header File</Filter>
    </ClInclude>
    <ClInclude Include="MetaStrData.h">
      <Filter>Header File</Filter>
    </ClInclude>
    <ClInclude Include="Resolver.h">
      <Filter>Header File</Filter>
    </ClInclude>
    <ClInclude Include="DpMain.h">
      <Filter>Header File</Filter>
    </ClInclude>
  </ItemGroup>
  <ItemGroup>
    <ClCompile Include="pch.cpp">
      <Filter>Source File</Filter>
    </ClCompile>
    <ClCompile Include="pluginmain.cpp">
      <Filter>Source File</Filter>
    </ClCompile>
    <ClCompile Include="plugin.cpp">
      <Filter>Source File</Filter>
    </ClCompile>
    <ClCompile Include="MetaData.cpp">
      <Filter>Source File</Filter>
    </ClCompile>
    <ClCompile Include="MetaStrData.cpp">
      <Filter>Source File</Filter>
    </ClCompile>
    <ClCompile Include="Resolver.cpp">
      <Filter>Source File</Filter>
    </ClCompile>
    <ClCompile Include="DpMain.cpp">
      <Filter>Source File</Filter>
    </ClCompile>
    <ClCompile Include="..\SRE\src\SREProc.cpp">
      <Filter>Source File\SRE</Filter>
    </ClCompile>
    <ClCompile Include="..\SRE\src\Cmd.cpp">
      <Filter>Source File\SRE</Filter>
    </ClCompile>
    <ClCompile Include="..\SRE\src\Auxiliary.cpp">
      <Filter>Source File\SRE</Filter>
    </ClCompile>
    <ClCompile Include="..\SRE\src\SREException.cpp">
      <Filter>Source File\SRE</Filter>
    </ClCompile>
    <ClCompile Include="..\SRE\src\SysExp.cpp">
      <Filter>Source File\SRE</Filter>
    </ClCompile>
    <ClCompile Include="..\SRE\src\Asm.cpp">
      <Filter>Source File\SRE</Filter>
    </ClCompile>
    <ClCompile Include="..\SRE\src\Memory.cpp">
      <Filter>Source File\SRE</Filter>
    </ClCompile>
  </ItemGroup>
  <ItemGroup>
    <Library Include="pluginsdk\DeviceNameResolver\DeviceNameResolver_x64.lib">
      <Filter>Library FIle</Filter>
    </Library>
    <Library Include="pluginsdk\DeviceNameResolver\DeviceNameResolver_x86.lib">
      <Filter>Library FIle</Filter>
    </Library>
    <Library Include="pluginsdk\jansson\jansson_x86.lib">
      <Filter>Library FIle</Filter>
    </Library>
    <Library Include="pluginsdk\jansson\jansson_x64.lib">
      <Filter>Library FIle</Filter>
    </Library>
    <Library Include="pluginsdk\lz4\lz4_x64.lib">
      <Filter>Library FIle</Filter>
    </Library>
    <Library Include="pluginsdk\lz4\lz4_x86.lib">
      <Filter>Library FIle</Filter>
    </Library>
    <Library Include="pluginsdk\TitanEngine\TitanEngine_x64.lib">
      <Filter>Library FIle</Filter>
    </Library>
    <Library Include="pluginsdk\TitanEngine\TitanEngine_x86.lib">
      <Filter>Library FIle</Filter>
    </Library>
    <Library Include="pluginsdk\XEDParse\XEDParse_x64.lib">
      <Filter>Library FIle</Filter>
    </Library>
    <Library Include="pluginsdk\XEDParse\XEDParse_x86.lib">
      <Filter>Library FIle</Filter>
    </Library>
    <Library Include="pluginsdk\yara\yara_x64.lib">
      <Filter>Library FIle</Filter>
    </Library>
    <Library Include="pluginsdk\yara\yara_x86.lib">
      <Filter>Library FIle</Filter>
    </Library>
    <Library Include="pluginsdk\capstone\capstone_x64.lib">
      <Filter>Library FIle</Filter>
    </Library>
    <Library Include="pluginsdk\capstone\capstone_x86.lib">
      <Filter>Library FIle</Filter>
    </Library>
    <Library Include="pluginsdk\x32bridge.lib">
      <Filter>Library FIle</Filter>
    </Library>
    <Library Include="pluginsdk\x32dbg.lib">
      <Filter>Library FIle</Filter>
    </Library>
    <Library Include="pluginsdk\x64bridge.lib">
      <Filter>Library FIle</Filter>
    </Library>
    <Library Include="pluginsdk\x64dbg.lib">
      <Filter>Library FIle</Filter>
    </Library>
  </ItemGroup>
</Project>